
Microsoft Visual Studio Solution File, Format Version 12.00
# Visual Studio 14
VisualStudioVersion = 14.0.25420.1
MinimumVisualStudioVersion = 10.0.40219.1
Project("{FAE04EC0-301F-11D3-BF4B-00C04F79EFBC}") = "成功重写", "成功重写\成功重写.csproj", "{AD10D566-FA1B-48F9-8E26-1EF6B27CD648}"
EndProject
Global
	GlobalSection(SolutionConfigurationPlatforms) = preSolution
		Debug|Any CPU = Debug|Any CPU
		Release|Any CPU = Release|Any CPU
	EndGlobalSection
	GlobalSection(ProjectConfigurationPlatforms) = postSolution
		{AD10D566-FA1B-48F9-8E26-1EF6B27CD648}.Debug|Any CPU.ActiveCfg = Debug|Any CPU
		{AD10D566-FA1B-48F9-8E26-1EF6B27CD648}.Debug|Any CPU.Build.0 = Debug|Any CPU
		{AD10D566-FA1B-48F9-8E26-1EF6B27CD648}.Release|Any CPU.ActiveCfg = Release|Any CPU
		{AD10D566-FA1B-48F9-8E26-1EF6B27CD648}.Release|Any CPU.Build.0 = Release|Any CPU
	EndGlobalSection
	GlobalSection(SolutionProperties) = preSolution
		HideSolutionNode = FALSE
	EndGlobalSection
EndGlobal
